
Microsoft Visual Studio Solution File, Format Version 12.00
# Visual Studio Version 17
VisualStudioVersion = 17.2.32526.322
MinimumVisualStudioVersion = 10.0.40219.1
Project("{FAE04EC0-301F-11D3-BF4B-00C04F79EFBC}") = "Nomad", "Nomad\Nomad.csproj", "{7A72DB83-C80D-450B-A8D7-D68F2C29FB16}"
EndProject
Global
	GlobalSection(SolutionConfigurationPlatforms) = preSolution
		Debug|Any CPU = Debug|Any CPU
		Release|Any CPU = Release|Any CPU
	EndGlobalSection
	GlobalSection(ProjectConfigurationPlatforms) = postSolution
		{7A72DB83-C80D-450B-A8D7-D68F2C29FB16}.Debug|Any CPU.ActiveCfg = Debug|Any CPU
		{7A72DB83-C80D-450B-A8D7-D68F2C29FB16}.Debug|Any CPU.Build.0 = Debug|Any CPU
		{7A72DB83-C80D-450B-A8D7-D68F2C29FB16}.Release|Any CPU.ActiveCfg = Release|Any CPU
		{7A72DB83-C80D-450B-A8D7-D68F2C29FB16}.Release|Any CPU.Build.0 = Release|Any CPU
	EndGlobalSection
	GlobalSection(SolutionProperties) = preSolution
		HideSolutionNode = FALSE
	EndGlobalSection
	GlobalSection(ExtensibilityGlobals) = postSolution
		SolutionGuid = {A69E0283-1CA4-4547-B0AB-A02345A1475C}
	EndGlobalSection
EndGlobal
